
Microsoft Visual Studio Solution File, Format Version 11.00
# Visual Studio 2010
# SharpDevelop 4.2.1.8805
Project("{FAE04EC0-301F-11D3-BF4B-00C04F79EFBC}") = "MyTestApp", "MyTestApp.csproj", "{FCB0D40F-2F62-4414-8309-130193632712}"
EndProject
Global
	GlobalSection(SolutionConfigurationPlatforms) = preSolution
		Debug|x86 = Debug|x86
		Release|x86 = Release|x86
	EndGlobalSection
	GlobalSection(ProjectConfigurationPlatforms) = postSolution
		{FCB0D40F-2F62-4414-8309-130193632712}.Debug|x86.Build.0 = Debug|x86
		{FCB0D40F-2F62-4414-8309-130193632712}.Debug|x86.ActiveCfg = Debug|x86
		{FCB0D40F-2F62-4414-8309-130193632712}.Release|x86.Build.0 = Release|x86
		{FCB0D40F-2F62-4414-8309-130193632712}.Release|x86.ActiveCfg = Release|x86
	EndGlobalSection
EndGlobal
